{
  "name": "eslint-config-semistandard-react",
  "version": "3.0.0",
  "lockfileVersion": 1,
  "dependencies": {
    "eslint-config-standard": {
      "version": "10.2.1",
      "resolved": "https://registry.npmjs.org/eslint-config-standard/-/eslint-config-standard-10.2.1.tgz",
      "integrity": "sha1-wGHk0GbzedwXzVYsZOgZtN1FRZE="
    },
    "eslint-config-standard-jsx": {
      "version": "4.0.2",
      "resolved": "https://registry.npmjs.org/eslint-config-standard-jsx/-/eslint-config-standard-jsx-4.0.2.tgz",
      "integrity": "sha512-F8fRh2WFnTek7dZH9ZaE0PCBwdVGkwVWZmizla/DDNOmg7Tx6B/IlK5+oYpiX29jpu73LszeJj5i1axEZv6VMw=="
    },
    "eslint-config-standard-react": {
      "version": "5.0.0",
      "resolved": "https://registry.npmjs.org/eslint-config-standard-react/-/eslint-config-standard-react-5.0.0.tgz",
      "integrity": "sha1-ZMe4FAFyhSvoEKU9SO6HZJ/xeOM="
    }
  }
}
