# THIS IS AN AUTOGENERATED FILE. DO NOT EDIT THIS FILE DIRECTLY.
# yarn lockfile v1


eslint-config-standard-jsx@^4.0.0, eslint-config-standard-jsx@^4.0.2:
  version "4.0.2"
  resolved "https://registry.yarnpkg.com/eslint-config-standard-jsx/-/eslint-config-standard-jsx-4.0.2.tgz#009e53c4ddb1e9ee70b4650ffe63a7f39f8836e1"

eslint-config-standard-react@^5.0.0:
  version "5.0.0"
  resolved "https://registry.yarnpkg.com/eslint-config-standard-react/-/eslint-config-standard-react-5.0.0.tgz#64c7b8140172852be810a53d48ee87649ff178e3"
  dependencies:
    eslint-config-standard-jsx "^4.0.0"

eslint-config-standard@^10.2.1:
  version "10.2.1"
  resolved "https://registry.yarnpkg.com/eslint-config-standard/-/eslint-config-standard-10.2.1.tgz#c061e4d066f379dc17cd562c64e819b4dd454591"
